
Microsoft Visual Studio Solution File, Format Version 12.00
# Visual Studio Version 16
VisualStudioVersion = 16.0.30717.126
MinimumVisualStudioVersion = 10.0.40219.1
Project("{FAE04EC0-301F-11D3-BF4B-00C04F79EFBC}") = "CalculatePi", "CalculatePi\CalculatePi.csproj", "{5EF776C2-1028-4945-888A-EB0588699DB8}"
EndProject
Global
	GlobalSection(SolutionConfigurationPlatforms) = preSolution
		Debug|Any CPU = Debug|Any CPU
		Release|Any CPU = Release|Any CPU
	EndGlobalSection
	GlobalSection(ProjectConfigurationPlatforms) = postSolution
		{5EF776C2-1028-4945-888A-EB0588699DB8}.Debug|Any CPU.ActiveCfg = Debug|Any CPU
		{5EF776C2-1028-4945-888A-EB0588699DB8}.Debug|Any CPU.Build.0 = Debug|Any CPU
		{5EF776C2-1028-4945-888A-EB0588699DB8}.Release|Any CPU.ActiveCfg = Release|Any CPU
		{5EF776C2-1028-4945-888A-EB0588699DB8}.Release|Any CPU.Build.0 = Release|Any CPU
	EndGlobalSection
	GlobalSection(SolutionProperties) = preSolution
		HideSolutionNode = FALSE
	EndGlobalSection
	GlobalSection(ExtensibilityGlobals) = postSolution
		SolutionGuid = {5EB864FD-374E-4830-8BDA-35B2AF5365FA}
	EndGlobalSection
EndGlobal
